// !$*UTF8*$!
{
	archiveVersion = 1;
	classes = {
	};
	objectVersion = 53;
	objects = {

/* Begin PBXBuildFile section */
		2349FD5B261E4F6900A1FEAA /* CodingChallengeApp.swift in Sources */ = {isa = PBXBuildFile; fileRef = 2349FD5A261E4F6900A1FEAA /* CodingChallengeApp.swift */; };
		2349FD5F261E4F6A00A1FEAA /* Assets.xcassets in Resources */ = {isa = PBXBuildFile; fileRef = 2349FD5E261E4F6A00A1FEAA /* Assets.xcassets */; };
		2349FD62261E4F6A00A1FEAA /* Preview Assets.xcassets in Resources */ = {isa = PBXBuildFile; fileRef = 2349FD61261E4F6A00A1FEAA /* Preview Assets.xcassets */; };
		2349FD6D261E4F6A00A1FEAA /* CodingChallengeTests.swift in Sources */ = {isa = PBXBuildFile; fileRef = 2349FD6C261E4F6A00A1FEAA /* CodingChallengeTests.swift */; };
		2349FD78261E4F6A00A1FEAA /* CodingChallengeUITests.swift in Sources */ = {isa = PBXBuildFile; fileRef = 2349FD77261E4F6A00A1FEAA /* CodingChallengeUITests.swift */; };
		2349FD89261E4F9900A1FEAA /* ShiftsView.swift in Sources */ = {isa = PBXBuildFile; fileRef = 2349FD88261E4F9900A1FEAA /* ShiftsView.swift */; };
		8705C5B92A3C2A3400972E26 /* ShiftsViewModel.swift in Sources */ = {isa = PBXBuildFile; fileRef = 8705C5B82A3C2A3400972E26 /* ShiftsViewModel.swift */; };
		875349B72A1FE605000BA470 /* ShiftRowView.swift in Sources */ = {isa = PBXBuildFile; fileRef = 875349B62A1FE605000BA470 /* ShiftRowView.swift */; };
		875349BA2A210868000BA470 /* ShiftDetailView.swift in Sources */ = {isa = PBXBuildFile; fileRef = 875349B92A210868000BA470 /* ShiftDetailView.swift */; };
		875349BC2A21183C000BA470 /* DateFormatterHelper.swift in Sources */ = {isa = PBXBuildFile; fileRef = 875349BB2A21183C000BA470 /* DateFormatterHelper.swift */; };
		875349C02A2499A6000BA470 /* ShiftCalendarView.swift in Sources */ = {isa = PBXBuildFile; fileRef = 875349BF2A2499A6000BA470 /* ShiftCalendarView.swift */; };
		875349C32A250C83000BA470 /* DateToString.swift in Sources */ = {isa = PBXBuildFile; fileRef = 875349C22A250C83000BA470 /* DateToString.swift */; };
		875349C52A2A6202000BA470 /* SearchView.swift in Sources */ = {isa = PBXBuildFile; fileRef = 875349C42A2A6202000BA470 /* SearchView.swift */; };
		875349C72A2A64B1000BA470 /* LogoView.swift in Sources */ = {isa = PBXBuildFile; fileRef = 875349C62A2A64B1000BA470 /* LogoView.swift */; };
		87BCF7062A3C6604001C35F8 /* Foundation.URLComponents.swift in Sources */ = {isa = PBXBuildFile; fileRef = 87BCF6F62A3C6604001C35F8 /* Foundation.URLComponents.swift */; };
		87BCF7072A3C6604001C35F8 /* Foundation.URLRequest.swift in Sources */ = {isa = PBXBuildFile; fileRef = 87BCF6F72A3C6604001C35F8 /* Foundation.URLRequest.swift */; };
		87BCF7082A3C6604001C35F8 /* APIError.swift in Sources */ = {isa = PBXBuildFile; fileRef = 87BCF6FA2A3C6604001C35F8 /* APIError.swift */; };
		87BCF7092A3C6604001C35F8 /* APIClient.swift in Sources */ = {isa = PBXBuildFile; fileRef = 87BCF6FB2A3C6604001C35F8 /* APIClient.swift */; };
		87BCF70A2A3C6604001C35F8 /* URLRequestSending.swift in Sources */ = {isa = PBXBuildFile; fileRef = 87BCF6FC2A3C6604001C35F8 /* URLRequestSending.swift */; };
		87BCF70B2A3C6604001C35F8 /* DefaultDecoder.swift in Sources */ = {isa = PBXBuildFile; fileRef = 87BCF6FD2A3C6604001C35F8 /* DefaultDecoder.swift */; };
		87BCF70C2A3C6604001C35F8 /* APIResponse.swift in Sources */ = {isa = PBXBuildFile; fileRef = 87BCF6FE2A3C6604001C35F8 /* APIResponse.swift */; };
		87BCF70D2A3C6604001C35F8 /* APIURLBuilder.swift in Sources */ = {isa = PBXBuildFile; fileRef = 87BCF6FF2A3C6604001C35F8 /* APIURLBuilder.swift */; };
		87BCF70E2A3C6604001C35F8 /* APIQueryParameter.swift in Sources */ = {isa = PBXBuildFile; fileRef = 87BCF7002A3C6604001C35F8 /* APIQueryParameter.swift */; };
		87BCF70F2A3C6604001C35F8 /* APIRequest.swift in Sources */ = {isa = PBXBuildFile; fileRef = 87BCF7012A3C6604001C35F8 /* APIRequest.swift */; };
		87BCF7102A3C6604001C35F8 /* DefaultAPIClient.swift in Sources */ = {isa = PBXBuildFile; fileRef = 87BCF7022A3C6604001C35F8 /* DefaultAPIClient.swift */; };
		87BCF7112A3C6604001C35F8 /* ServerEnvironment.swift in Sources */ = {isa = PBXBuildFile; fileRef = 87BCF7042A3C6604001C35F8 /* ServerEnvironment.swift */; };
		87BCF7152A3C66B5001C35F8 /* ShiftRequest.swift in Sources */ = {isa = PBXBuildFile; fileRef = 87BCF7142A3C66B5001C35F8 /* ShiftRequest.swift */; };
		87BCF7182A3C680D001C35F8 /* ShiftAPIBuilder.swift in Sources */ = {isa = PBXBuildFile; fileRef = 87BCF7172A3C680D001C35F8 /* ShiftAPIBuilder.swift */; };
		87BCF71C2A3C7FD3001C35F8 /* ShiftDetailViewModel.swift in Sources */ = {isa = PBXBuildFile; fileRef = 87BCF71B2A3C7FD3001C35F8 /* ShiftDetailViewModel.swift */; };
		87BCF71E2A3C8168001C35F8 /* ExtractTimeFromDateTime.swift in Sources */ = {isa = PBXBuildFile; fileRef = 87BCF71D2A3C8168001C35F8 /* ExtractTimeFromDateTime.swift */; };
		87BCF7202A402434001C35F8 /* ShiftCalendarViewModel.swift in Sources */ = {isa = PBXBuildFile; fileRef = 87BCF71F2A402434001C35F8 /* ShiftCalendarViewModel.swift */; };
		87BCF7222A4027C8001C35F8 /* SearchViewModel.swift in Sources */ = {isa = PBXBuildFile; fileRef = 87BCF7212A4027C8001C35F8 /* SearchViewModel.swift */; };
		87BCF7262A40663D001C35F8 /* ErrorView.swift in Sources */ = {isa = PBXBuildFile; fileRef = 87BCF7252A40663D001C35F8 /* ErrorView.swift */; };
		87EB5BE82A1D47AE00190A79 /* ShiftModel.swift in Sources */ = {isa = PBXBuildFile; fileRef = 87EB5BE72A1D47AE00190A79 /* ShiftModel.swift */; };
/* End PBXBuildFile section */

/* Begin PBXContainerItemProxy section */
		2349FD69261E4F6A00A1FEAA /* PBXContainerItemProxy */ = {
			isa = PBXContainerItemProxy;
			containerPortal = 2349FD4F261E4F6900A1FEAA /* Project object */;
			proxyType = 1;
			remoteGlobalIDString = 2349FD56261E4F6900A1FEAA;
			remoteInfo = CodingChallenge;
		};
		2349FD74261E4F6A00A1FEAA /* PBXContainerItemProxy */ = {
			isa = PBXContainerItemProxy;
			containerPortal = 2349FD4F261E4F6900A1FEAA /* Project object */;
			proxyType = 1;
			remoteGlobalIDString = 2349FD56261E4F6900A1FEAA;
			remoteInfo = CodingChallenge;
		};
/* End PBXContainerItemProxy section */

/* Begin PBXFileReference section */
		2349FD57261E4F6900A1FEAA /* CodingChallenge.app */ = {isa = PBXFileReference; explicitFileType = wrapper.application; includeInIndex = 0; path = CodingChallenge.app; sourceTree = BUILT_PRODUCTS_DIR; };
		2349FD5A261E4F6900A1FEAA /* CodingChallengeApp.swift */ = {isa = PBXFileReference; lastKnownFileType = sourcecode.swift; path = CodingChallengeApp.swift; sourceTree = "<group>"; };
		2349FD5E261E4F6A00A1FEAA /* Assets.xcassets */ = {isa = PBXFileReference; lastKnownFileType = folder.assetcatalog; path = Assets.xcassets; sourceTree = "<group>"; };
		2349FD61261E4F6A00A1FEAA /* Preview Assets.xcassets */ = {isa = PBXFileReference; lastKnownFileType = folder.assetcatalog; path = "Preview Assets.xcassets"; sourceTree = "<group>"; };
		2349FD63261E4F6A00A1FEAA /* Info.plist */ = {isa = PBXFileReference; lastKnownFileType = text.plist.xml; path = Info.plist; sourceTree = "<group>"; };
		2349FD68261E4F6A00A1FEAA /* CodingChallengeTests.xctest */ = {isa = PBXFileReference; explicitFileType = wrapper.cfbundle; includeInIndex = 0; path = CodingChallengeTests.xctest; sourceTree = BUILT_PRODUCTS_DIR; };
		2349FD6C261E4F6A00A1FEAA /* CodingChallengeTests.swift */ = {isa = PBXFileReference; lastKnownFileType = sourcecode.swift; path = CodingChallengeTests.swift; sourceTree = "<group>"; };
		2349FD6E261E4F6A00A1FEAA /* Info.plist */ = {isa = PBXFileReference; lastKnownFileType = text.plist.xml; path = Info.plist; sourceTree = "<group>"; };
		2349FD73261E4F6A00A1FEAA /* CodingChallengeUITests.xctest */ = {isa = PBXFileReference; explicitFileType = wrapper.cfbundle; includeInIndex = 0; path = CodingChallengeUITests.xctest; sourceTree = BUILT_PRODUCTS_DIR; };
		2349FD77261E4F6A00A1FEAA /* CodingChallengeUITests.swift */ = {isa = PBXFileReference; lastKnownFileType = sourcecode.swift; path = CodingChallengeUITests.swift; sourceTree = "<group>"; };
		2349FD79261E4F6A00A1FEAA /* Info.plist */ = {isa = PBXFileReference; lastKnownFileType = text.plist.xml; path = Info.plist; sourceTree = "<group>"; };
		2349FD88261E4F9900A1FEAA /* ShiftsView.swift */ = {isa = PBXFileReference; lastKnownFileType = sourcecode.swift; path = ShiftsView.swift; sourceTree = "<group>"; };
		8705C5B82A3C2A3400972E26 /* ShiftsViewModel.swift */ = {isa = PBXFileReference; lastKnownFileType = sourcecode.swift; path = ShiftsViewModel.swift; sourceTree = "<group>"; };
		875349B62A1FE605000BA470 /* ShiftRowView.swift */ = {isa = PBXFileReference; lastKnownFileType = sourcecode.swift; path = ShiftRowView.swift; sourceTree = "<group>"; };
		875349B92A210868000BA470 /* ShiftDetailView.swift */ = {isa = PBXFileReference; lastKnownFileType = sourcecode.swift; path = ShiftDetailView.swift; sourceTree = "<group>"; };
		875349BB2A21183C000BA470 /* DateFormatterHelper.swift */ = {isa = PBXFileReference; lastKnownFileType = sourcecode.swift; path = DateFormatterHelper.swift; sourceTree = "<group>"; };
		875349BF2A2499A6000BA470 /* ShiftCalendarView.swift */ = {isa = PBXFileReference; lastKnownFileType = sourcecode.swift; path = ShiftCalendarView.swift; sourceTree = "<group>"; };
		875349C22A250C83000BA470 /* DateToString.swift */ = {isa = PBXFileReference; lastKnownFileType = sourcecode.swift; path = DateToString.swift; sourceTree = "<group>"; };
		875349C42A2A6202000BA470 /* SearchView.swift */ = {isa = PBXFileReference; lastKnownFileType = sourcecode.swift; path = SearchView.swift; sourceTree = "<group>"; };
		875349C62A2A64B1000BA470 /* LogoView.swift */ = {isa = PBXFileReference; lastKnownFileType = sourcecode.swift; path = LogoView.swift; sourceTree = "<group>"; };
		87BCF6F62A3C6604001C35F8 /* Foundation.URLComponents.swift */ = {isa = PBXFileReference; fileEncoding = 4; lastKnownFileType = sourcecode.swift; path = Foundation.URLComponents.swift; sourceTree = "<group>"; };
		87BCF6F72A3C6604001C35F8 /* Foundation.URLRequest.swift */ = {isa = PBXFileReference; fileEncoding = 4; lastKnownFileType = sourcecode.swift; path = Foundation.URLRequest.swift; sourceTree = "<group>"; };
		87BCF6FA2A3C6604001C35F8 /* APIError.swift */ = {isa = PBXFileReference; fileEncoding = 4; lastKnownFileType = sourcecode.swift; path = APIError.swift; sourceTree = "<group>"; };
		87BCF6FB2A3C6604001C35F8 /* APIClient.swift */ = {isa = PBXFileReference; fileEncoding = 4; lastKnownFileType = sourcecode.swift; path = APIClient.swift; sourceTree = "<group>"; };
		87BCF6FC2A3C6604001C35F8 /* URLRequestSending.swift */ = {isa = PBXFileReference; fileEncoding = 4; lastKnownFileType = sourcecode.swift; path = URLRequestSending.swift; sourceTree = "<group>"; };
		87BCF6FD2A3C6604001C35F8 /* DefaultDecoder.swift */ = {isa = PBXFileReference; fileEncoding = 4; lastKnownFileType = sourcecode.swift; path = DefaultDecoder.swift; sourceTree = "<group>"; };
		87BCF6FE2A3C6604001C35F8 /* APIResponse.swift */ = {isa = PBXFileReference; fileEncoding = 4; lastKnownFileType = sourcecode.swift; path = APIResponse.swift; sourceTree = "<group>"; };
		87BCF6FF2A3C6604001C35F8 /* APIURLBuilder.swift */ = {isa = PBXFileReference; fileEncoding = 4; lastKnownFileType = sourcecode.swift; path = APIURLBuilder.swift; sourceTree = "<group>"; };
		87BCF7002A3C6604001C35F8 /* APIQueryParameter.swift */ = {isa = PBXFileReference; fileEncoding = 4; lastKnownFileType = sourcecode.swift; path = APIQueryParameter.swift; sourceTree = "<group>"; };
		87BCF7012A3C6604001C35F8 /* APIRequest.swift */ = {isa = PBXFileReference; fileEncoding = 4; lastKnownFileType = sourcecode.swift; path = APIRequest.swift; sourceTree = "<group>"; };
		87BCF7022A3C6604001C35F8 /* DefaultAPIClient.swift */ = {isa = PBXFileReference; fileEncoding = 4; lastKnownFileType = sourcecode.swift; path = DefaultAPIClient.swift; sourceTree = "<group>"; };
		87BCF7042A3C6604001C35F8 /* ServerEnvironment.swift */ = {isa = PBXFileReference; fileEncoding = 4; lastKnownFileType = sourcecode.swift; path = ServerEnvironment.swift; sourceTree = "<group>"; };
		87BCF7142A3C66B5001C35F8 /* ShiftRequest.swift */ = {isa = PBXFileReference; lastKnownFileType = sourcecode.swift; path = ShiftRequest.swift; sourceTree = "<group>"; };
		87BCF7172A3C680D001C35F8 /* ShiftAPIBuilder.swift */ = {isa = PBXFileReference; lastKnownFileType = sourcecode.swift; path = ShiftAPIBuilder.swift; sourceTree = "<group>"; };
		87BCF71B2A3C7FD3001C35F8 /* ShiftDetailViewModel.swift */ = {isa = PBXFileReference; lastKnownFileType = sourcecode.swift; path = ShiftDetailViewModel.swift; sourceTree = "<group>"; };
		87BCF71D2A3C8168001C35F8 /* ExtractTimeFromDateTime.swift */ = {isa = PBXFileReference; lastKnownFileType = sourcecode.swift; path = ExtractTimeFromDateTime.swift; sourceTree = "<group>"; };
		87BCF71F2A402434001C35F8 /* ShiftCalendarViewModel.swift */ = {isa = PBXFileReference; lastKnownFileType = sourcecode.swift; path = ShiftCalendarViewModel.swift; sourceTree = "<group>"; };
		87BCF7212A4027C8001C35F8 /* SearchViewModel.swift */ = {isa = PBXFileReference; lastKnownFileType = sourcecode.swift; path = SearchViewModel.swift; sourceTree = "<group>"; };
		87BCF7252A40663D001C35F8 /* ErrorView.swift */ = {isa = PBXFileReference; lastKnownFileType = sourcecode.swift; path = ErrorView.swift; sourceTree = "<group>"; };
		87EB5BE72A1D47AE00190A79 /* ShiftModel.swift */ = {isa = PBXFileReference; lastKnownFileType = sourcecode.swift; path = ShiftModel.swift; sourceTree = "<group>"; };
/* End PBXFileReference section */

/* Begin PBXFrameworksBuildPhase section */
		2349FD54261E4F6900A1FEAA /* Frameworks */ = {
			isa = PBXFrameworksBuildPhase;
			buildActionMask = 2147483647;
			files = (
			);
			runOnlyForDeploymentPostprocessing = 0;
		};
		2349FD65261E4F6A00A1FEAA /* Frameworks */ = {
			isa = PBXFrameworksBuildPhase;
			buildActionMask = 2147483647;
			files = (
			);
			runOnlyForDeploymentPostprocessing = 0;
		};
		2349FD70261E4F6A00A1FEAA /* Frameworks */ = {
			isa = PBXFrameworksBuildPhase;
			buildActionMask = 2147483647;
			files = (
			);
			runOnlyForDeploymentPostprocessing = 0;
		};
/* End PBXFrameworksBuildPhase section */

/* Begin PBXGroup section */
		2349FD4E261E4F6900A1FEAA = {
			isa = PBXGroup;
			children = (
				2349FD59261E4F6900A1FEAA /* CodingChallenge */,
				2349FD6B261E4F6A00A1FEAA /* CodingChallengeTests */,
				2349FD76261E4F6A00A1FEAA /* CodingChallengeUITests */,
				2349FD58261E4F6900A1FEAA /* Products */,
			);
			sourceTree = "<group>";
		};
		2349FD58261E4F6900A1FEAA /* Products */ = {
			isa = PBXGroup;
			children = (
				2349FD57261E4F6900A1FEAA /* CodingChallenge.app */,
				2349FD68261E4F6A00A1FEAA /* CodingChallengeTests.xctest */,
				2349FD73261E4F6A00A1FEAA /* CodingChallengeUITests.xctest */,
			);
			name = Products;
			sourceTree = "<group>";
		};
		2349FD59261E4F6900A1FEAA /* CodingChallenge */ = {
			isa = PBXGroup;
			children = (
				87BCF6F22A3C6604001C35F8 /* Networking */,
				2349FD5A261E4F6900A1FEAA /* CodingChallengeApp.swift */,
				875349B82A2092D8000BA470 /* Models */,
				8705C5B72A3C2A1300972E26 /* ViewModel */,
				8705C5C72A3C451600972E26 /* View */,
				875349C12A250C63000BA470 /* Formatter */,
				2349FD5E261E4F6A00A1FEAA /* Assets.xcassets */,
				2349FD63261E4F6A00A1FEAA /* Info.plist */,
				2349FD60261E4F6A00A1FEAA /* Preview Content */,
				875349BB2A21183C000BA470 /* DateFormatterHelper.swift */,
			);
			path = CodingChallenge;
			sourceTree = "<group>";
		};
		2349FD60261E4F6A00A1FEAA /* Preview Content */ = {
			isa = PBXGroup;
			children = (
				2349FD61261E4F6A00A1FEAA /* Preview Assets.xcassets */,
			);
			path = "Preview Content";
			sourceTree = "<group>";
		};
		2349FD6B261E4F6A00A1FEAA /* CodingChallengeTests */ = {
			isa = PBXGroup;
			children = (
				2349FD6C261E4F6A00A1FEAA /* CodingChallengeTests.swift */,
				2349FD6E261E4F6A00A1FEAA /* Info.plist */,
			);
			path = CodingChallengeTests;
			sourceTree = "<group>";
		};
		2349FD76261E4F6A00A1FEAA /* CodingChallengeUITests */ = {
			isa = PBXGroup;
			children = (
				2349FD77261E4F6A00A1FEAA /* CodingChallengeUITests.swift */,
				2349FD79261E4F6A00A1FEAA /* Info.plist */,
			);
			path = CodingChallengeUITests;
			sourceTree = "<group>";
		};
		8705C5B72A3C2A1300972E26 /* ViewModel */ = {
			isa = PBXGroup;
			children = (
				8705C5B82A3C2A3400972E26 /* ShiftsViewModel.swift */,
				87BCF71B2A3C7FD3001C35F8 /* ShiftDetailViewModel.swift */,
				87BCF71F2A402434001C35F8 /* ShiftCalendarViewModel.swift */,
				87BCF7212A4027C8001C35F8 /* SearchViewModel.swift */,
			);
			path = ViewModel;
			sourceTree = "<group>";
		};
		8705C5C72A3C451600972E26 /* View */ = {
			isa = PBXGroup;
			children = (
				2349FD88261E4F9900A1FEAA /* ShiftsView.swift */,
				87BCF7252A40663D001C35F8 /* ErrorView.swift */,
				875349C62A2A64B1000BA470 /* LogoView.swift */,
				875349BF2A2499A6000BA470 /* ShiftCalendarView.swift */,
				875349C42A2A6202000BA470 /* SearchView.swift */,
				875349B62A1FE605000BA470 /* ShiftRowView.swift */,
				875349B92A210868000BA470 /* ShiftDetailView.swift */,
			);
			path = View;
			sourceTree = "<group>";
		};
		875349B82A2092D8000BA470 /* Models */ = {
			isa = PBXGroup;
			children = (
				87EB5BE72A1D47AE00190A79 /* ShiftModel.swift */,
			);
			path = Models;
			sourceTree = "<group>";
		};
		875349C12A250C63000BA470 /* Formatter */ = {
			isa = PBXGroup;
			children = (
				875349C22A250C83000BA470 /* DateToString.swift */,
				87BCF71D2A3C8168001C35F8 /* ExtractTimeFromDateTime.swift */,
			);
			path = Formatter;
			sourceTree = "<group>";
		};
		87BCF6F22A3C6604001C35F8 /* Networking */ = {
			isa = PBXGroup;
			children = (
				87BCF7162A3C67B9001C35F8 /* Builders */,
				87BCF7132A3C6691001C35F8 /* Request */,
				87BCF6F32A3C6604001C35F8 /* Internal */,
				87BCF6F82A3C6604001C35F8 /* Public */,
			);
			path = Networking;
			sourceTree = "<group>";
		};
		87BCF6F32A3C6604001C35F8 /* Internal */ = {
			isa = PBXGroup;
			children = (
				87BCF6F42A3C6604001C35F8 /* Extensions */,
			);
			path = Internal;
			sourceTree = "<group>";
		};
		87BCF6F42A3C6604001C35F8 /* Extensions */ = {
			isa = PBXGroup;
			children = (
				87BCF6F52A3C6604001C35F8 /* Foundation */,
			);
			path = Extensions;
			sourceTree = "<group>";
		};
		87BCF6F52A3C6604001C35F8 /* Foundation */ = {
			isa = PBXGroup;
			children = (
				87BCF6F62A3C6604001C35F8 /* Foundation.URLComponents.swift */,
				87BCF6F72A3C6604001C35F8 /* Foundation.URLRequest.swift */,
			);
			path = Foundation;
			sourceTree = "<group>";
		};
		87BCF6F82A3C6604001C35F8 /* Public */ = {
			isa = PBXGroup;
			children = (
				87BCF6F92A3C6604001C35F8 /* Core */,
				87BCF7022A3C6604001C35F8 /* DefaultAPIClient.swift */,
				87BCF7032A3C6604001C35F8 /* ServerEnvironment */,
			);
			path = Public;
			sourceTree = "<group>";
		};
		87BCF6F92A3C6604001C35F8 /* Core */ = {
			isa = PBXGroup;
			children = (
				87BCF6FA2A3C6604001C35F8 /* APIError.swift */,
				87BCF6FB2A3C6604001C35F8 /* APIClient.swift */,
				87BCF6FC2A3C6604001C35F8 /* URLRequestSending.swift */,
				87BCF6FD2A3C6604001C35F8 /* DefaultDecoder.swift */,
				87BCF6FE2A3C6604001C35F8 /* APIResponse.swift */,
				87BCF6FF2A3C6604001C35F8 /* APIURLBuilder.swift */,
				87BCF7002A3C6604001C35F8 /* APIQueryParameter.swift */,
				87BCF7012A3C6604001C35F8 /* APIRequest.swift */,
			);
			path = Core;
			sourceTree = "<group>";
		};
		87BCF7032A3C6604001C35F8 /* ServerEnvironment */ = {
			isa = PBXGroup;
			children = (
				87BCF7042A3C6604001C35F8 /* ServerEnvironment.swift */,
			);
			path = ServerEnvironment;
			sourceTree = "<group>";
		};
		87BCF7132A3C6691001C35F8 /* Request */ = {
			isa = PBXGroup;
			children = (
				87BCF7142A3C66B5001C35F8 /* ShiftRequest.swift */,
			);
			path = Request;
			sourceTree = "<group>";
		};
		87BCF7162A3C67B9001C35F8 /* Builders */ = {
			isa = PBXGroup;
			children = (
				87BCF7172A3C680D001C35F8 /* ShiftAPIBuilder.swift */,
			);
			path = Builders;
			sourceTree = "<group>";
		};
/* End PBXGroup section */

/* Begin PBXNativeTarget section */
		2349FD56261E4F6900A1FEAA /* CodingChallenge */ = {
			isa = PBXNativeTarget;
			buildConfigurationList = 2349FD7C261E4F6A00A1FEAA /* Build configuration list for PBXNativeTarget "CodingChallenge" */;
			buildPhases = (
				2349FD53261E4F6900A1FEAA /* Sources */,
				2349FD54261E4F6900A1FEAA /* Frameworks */,
				2349FD55261E4F6900A1FEAA /* Resources */,
			);
			buildRules = (
			);
			dependencies = (
			);
			name = CodingChallenge;
			productName = CodingChallenge;
			productReference = 2349FD57261E4F6900A1FEAA /* CodingChallenge.app */;
			productType = "com.apple.product-type.application";
		};
		2349FD67261E4F6A00A1FEAA /* CodingChallengeTests */ = {
			isa = PBXNativeTarget;
			buildConfigurationList = 2349FD7F261E4F6A00A1FEAA /* Build configuration list for PBXNativeTarget "CodingChallengeTests" */;
			buildPhases = (
				2349FD64261E4F6A00A1FEAA /* Sources */,
				2349FD65261E4F6A00A1FEAA /* Frameworks */,
				2349FD66261E4F6A00A1FEAA /* Resources */,
			);
			buildRules = (
			);
			dependencies = (
				2349FD6A261E4F6A00A1FEAA /* PBXTargetDependency */,
			);
			name = CodingChallengeTests;
			productName = CodingChallengeTests;
			productReference = 2349FD68261E4F6A00A1FEAA /* CodingChallengeTests.xctest */;
			productType = "com.apple.product-type.bundle.unit-test";
		};
		2349FD72261E4F6A00A1FEAA /* CodingChallengeUITests */ = {
			isa = PBXNativeTarget;
			buildConfigurationList = 2349FD82261E4F6A00A1FEAA /* Build configuration list for PBXNativeTarget "CodingChallengeUITests" */;
			buildPhases = (
				2349FD6F261E4F6A00A1FEAA /* Sources */,
				2349FD70261E4F6A00A1FEAA /* Frameworks */,
				2349FD71261E4F6A00A1FEAA /* Resources */,
			);
			buildRules = (
			);
			dependencies = (
				2349FD75261E4F6A00A1FEAA /* PBXTargetDependency */,
			);
			name = CodingChallengeUITests;
			productName = CodingChallengeUITests;
			productReference = 2349FD73261E4F6A00A1FEAA /* CodingChallengeUITests.xctest */;
			productType = "com.apple.product-type.bundle.ui-testing";
		};
/* End PBXNativeTarget section */

/* Begin PBXProject section */
		2349FD4F261E4F6900A1FEAA /* Project object */ = {
			isa = PBXProject;
			attributes = {
				BuildIndependentTargetsInParallel = YES;
				LastSwiftUpdateCheck = 1240;
				LastUpgradeCheck = 1430;
				TargetAttributes = {
					2349FD56261E4F6900A1FEAA = {
						CreatedOnToolsVersion = 12.4;
					};
					2349FD67261E4F6A00A1FEAA = {
						CreatedOnToolsVersion = 12.4;
						TestTargetID = 2349FD56261E4F6900A1FEAA;
					};
					2349FD72261E4F6A00A1FEAA = {
						CreatedOnToolsVersion = 12.4;
						TestTargetID = 2349FD56261E4F6900A1FEAA;
					};
				};
			};
			buildConfigurationList = 2349FD52261E4F6900A1FEAA /* Build configuration list for PBXProject "CodingChallenge" */;
			compatibilityVersion = "Xcode 9.3";
			developmentRegion = en;
			hasScannedForEncodings = 0;
			knownRegions = (
				en,
				Base,
			);
			mainGroup = 2349FD4E261E4F6900A1FEAA;
			productRefGroup = 2349FD58261E4F6900A1FEAA /* Products */;
			projectDirPath = "";
			projectRoot = "";
			targets = (
				2349FD56261E4F6900A1FEAA /* CodingChallenge */,
				2349FD67261E4F6A00A1FEAA /* CodingChallengeTests */,
				2349FD72261E4F6A00A1FEAA /* CodingChallengeUITests */,
			);
		};
/* End PBXProject section */

/* Begin PBXResourcesBuildPhase section */
		2349FD55261E4F6900A1FEAA /* Resources */ = {
			isa = PBXResourcesBuildPhase;
			buildActionMask = 2147483647;
			files = (
				2349FD62261E4F6A00A1FEAA /* Preview Assets.xcassets in Resources */,
				2349FD5F261E4F6A00A1FEAA /* Assets.xcassets in Resources */,
			);
			runOnlyForDeploymentPostprocessing = 0;
		};
		2349FD66261E4F6A00A1FEAA /* Resources */ = {
			isa = PBXResourcesBuildPhase;
			buildActionMask = 2147483647;
			files = (
			);
			runOnlyForDeploymentPostprocessing = 0;
		};
		2349FD71261E4F6A00A1FEAA /* Resources */ = {
			isa = PBXResourcesBuildPhase;
			buildActionMask = 2147483647;
			files = (
			);
			runOnlyForDeploymentPostprocessing = 0;
		};
/* End PBXResourcesBuildPhase section */

/* Begin PBXSourcesBuildPhase section */
		2349FD53261E4F6900A1FEAA /* Sources */ = {
			isa = PBXSourcesBuildPhase;
			buildActionMask = 2147483647;
			files = (
				875349C52A2A6202000BA470 /* SearchView.swift in Sources */,
				87BCF71E2A3C8168001C35F8 /* ExtractTimeFromDateTime.swift in Sources */,
				87BCF7102A3C6604001C35F8 /* DefaultAPIClient.swift in Sources */,
				87BCF70F2A3C6604001C35F8 /* APIRequest.swift in Sources */,
				875349B72A1FE605000BA470 /* ShiftRowView.swift in Sources */,
				875349C72A2A64B1000BA470 /* LogoView.swift in Sources */,
				875349C02A2499A6000BA470 /* ShiftCalendarView.swift in Sources */,
				87BCF70B2A3C6604001C35F8 /* DefaultDecoder.swift in Sources */,
				875349BC2A21183C000BA470 /* DateFormatterHelper.swift in Sources */,
				2349FD89261E4F9900A1FEAA /* ShiftsView.swift in Sources */,
				87BCF70A2A3C6604001C35F8 /* URLRequestSending.swift in Sources */,
				87BCF7152A3C66B5001C35F8 /* ShiftRequest.swift in Sources */,
				875349C32A250C83000BA470 /* DateToString.swift in Sources */,
				87BCF71C2A3C7FD3001C35F8 /* ShiftDetailViewModel.swift in Sources */,
				87BCF7072A3C6604001C35F8 /* Foundation.URLRequest.swift in Sources */,
				87BCF7092A3C6604001C35F8 /* APIClient.swift in Sources */,
				87BCF7062A3C6604001C35F8 /* Foundation.URLComponents.swift in Sources */,
				2349FD5B261E4F6900A1FEAA /* CodingChallengeApp.swift in Sources */,
				87BCF7222A4027C8001C35F8 /* SearchViewModel.swift in Sources */,
				87BCF7182A3C680D001C35F8 /* ShiftAPIBuilder.swift in Sources */,
				875349BA2A210868000BA470 /* ShiftDetailView.swift in Sources */,
				8705C5B92A3C2A3400972E26 /* ShiftsViewModel.swift in Sources */,
				87BCF7112A3C6604001C35F8 /* ServerEnvironment.swift in Sources */,
				87EB5BE82A1D47AE00190A79 /* ShiftModel.swift in Sources */,
				87BCF70D2A3C6604001C35F8 /* APIURLBuilder.swift in Sources */,
				87BCF7262A40663D001C35F8 /* ErrorView.swift in Sources */,
				87BCF7082A3C6604001C35F8 /* APIError.swift in Sources */,
				87BCF70C2A3C6604001C35F8 /* APIResponse.swift in Sources */,
				87BCF70E2A3C6604001C35F8 /* APIQueryParameter.swift in Sources */,
				87BCF7202A402434001C35F8 /* ShiftCalendarViewModel.swift in Sources */,
			);
			runOnlyForDeploymentPostprocessing = 0;
		};
		2349FD64261E4F6A00A1FEAA /* Sources */ = {
			isa = PBXSourcesBuildPhase;
			buildActionMask = 2147483647;
			files = (
				2349FD6D261E4F6A00A1FEAA /* CodingChallengeTests.swift in Sources */,
			);
			runOnlyForDeploymentPostprocessing = 0;
		};
		2349FD6F261E4F6A00A1FEAA /* Sources */ = {
			isa = PBXSourcesBuildPhase;
			buildActionMask = 2147483647;
			files = (
				2349FD78261E4F6A00A1FEAA /* CodingChallengeUITests.swift in Sources */,
			);
			runOnlyForDeploymentPostprocessing = 0;
		};
/* End PBXSourcesBuildPhase section */

/* Begin PBXTargetDependency section */
		2349FD6A261E4F6A00A1FEAA /* PBXTargetDependency */ = {
			isa = PBXTargetDependency;
			target = 2349FD56261E4F6900A1FEAA /* CodingChallenge */;
			targetProxy = 2349FD69261E4F6A00A1FEAA /* PBXContainerItemProxy */;
		};
		2349FD75261E4F6A00A1FEAA /* PBXTargetDependency */ = {
			isa = PBXTargetDependency;
			target = 2349FD56261E4F6900A1FEAA /* CodingChallenge */;
			targetProxy = 2349FD74261E4F6A00A1FEAA /* PBXContainerItemProxy */;
		};
/* End PBXTargetDependency section */

/* Begin XCBuildConfiguration section */
		2349FD7A261E4F6A00A1FEAA /* Debug */ = {
			isa = XCBuildConfiguration;
			buildSettings = {
				ALWAYS_SEARCH_USER_PATHS = NO;
				CLANG_ANALYZER_NONNULL = YES;
				CLANG_ANALYZER_NUMBER_OBJECT_CONVERSION = YES_AGGRESSIVE;
				CLANG_CXX_LANGUAGE_STANDARD = "gnu++14";
				CLANG_CXX_LIBRARY = "libc++";
				CLANG_ENABLE_MODULES = YES;
				CLANG_ENABLE_OBJC_ARC = YES;
				CLANG_ENABLE_OBJC_WEAK = YES;
				CLANG_WARN_BLOCK_CAPTURE_AUTORELEASING = YES;
				CLANG_WARN_BOOL_CONVERSION = YES;
				CLANG_WARN_COMMA = YES;
				CLANG_WARN_CONSTANT_CONVERSION = YES;
				CLANG_WARN_DEPRECATED_OBJC_IMPLEMENTATIONS = YES;
				CLANG_WARN_DIRECT_OBJC_ISA_USAGE = YES_ERROR;
				CLANG_WARN_DOCUMENTATION_COMMENTS = YES;
				CLANG_WARN_EMPTY_BODY = YES;
				CLANG_WARN_ENUM_CONVERSION = YES;
				CLANG_WARN_INFINITE_RECURSION = YES;
				CLANG_WARN_INT_CONVERSION = YES;
				CLANG_WARN_NON_LITERAL_NULL_CONVERSION = YES;
				CLANG_WARN_OBJC_IMPLICIT_RETAIN_SELF = YES;
				CLANG_WARN_OBJC_LITERAL_CONVERSION = YES;
				CLANG_WARN_OBJC_ROOT_CLASS = YES_ERROR;
				CLANG_WARN_QUOTED_INCLUDE_IN_FRAMEWORK_HEADER = YES;
				CLANG_WARN_RANGE_LOOP_ANALYSIS = YES;
				CLANG_WARN_STRICT_PROTOTYPES = YES;
				CLANG_WARN_SUSPICIOUS_MOVE = YES;
				CLANG_WARN_UNGUARDED_AVAILABILITY = YES_AGGRESSIVE;
				CLANG_WARN_UNREACHABLE_CODE = YES;
				CLANG_WARN__DUPLICATE_METHOD_MATCH = YES;
				COPY_PHASE_STRIP = NO;
				DEBUG_INFORMATION_FORMAT = dwarf;
				ENABLE_STRICT_OBJC_MSGSEND = YES;
				ENABLE_TESTABILITY = YES;
				GCC_C_LANGUAGE_STANDARD = gnu11;
				GCC_DYNAMIC_NO_PIC = NO;
				GCC_NO_COMMON_BLOCKS = YES;
				GCC_OPTIMIZATION_LEVEL = 0;
				GCC_PREPROCESSOR_DEFINITIONS = (
					"DEBUG=1",
					"$(inherited)",
				);
				GCC_WARN_64_TO_32_BIT_CONVERSION = YES;
				GCC_WARN_ABOUT_RETURN_TYPE = YES_ERROR;
				GCC_WARN_UNDECLARED_SELECTOR = YES;
				GCC_WARN_UNINITIALIZED_AUTOS = YES_AGGRESSIVE;
				GCC_WARN_UNUSED_FUNCTION = YES;
				GCC_WARN_UNUSED_VARIABLE = YES;
				IPHONEOS_DEPLOYMENT_TARGET = 14.0;
				MTL_ENABLE_DEBUG_INFO = INCLUDE_SOURCE;
				MTL_FAST_MATH = YES;
				ONLY_ACTIVE_ARCH = YES;
				SDKROOT = iphoneos;
				SWIFT_ACTIVE_COMPILATION_CONDITIONS = DEBUG;
				SWIFT_OPTIMIZATION_LEVEL = "-Onone";
			};
			name = Debug;
		};
		2349FD7B261E4F6A00A1FEAA /* Release */ = {
			isa = XCBuildConfiguration;
			buildSettings = {
				ALWAYS_SEARCH_USER_PATHS = NO;
				CLANG_ANALYZER_NONNULL = YES;
				CLANG_ANALYZER_NUMBER_OBJECT_CONVERSION = YES_AGGRESSIVE;
				CLANG_CXX_LANGUAGE_STANDARD = "gnu++14";
				CLANG_CXX_LIBRARY = "libc++";
				CLANG_ENABLE_MODULES = YES;
				CLANG_ENABLE_OBJC_ARC = YES;
				CLANG_ENABLE_OBJC_WEAK = YES;
				CLANG_WARN_BLOCK_CAPTURE_AUTORELEASING = YES;
				CLANG_WARN_BOOL_CONVERSION = YES;
				CLANG_WARN_COMMA = YES;
				CLANG_WARN_CONSTANT_CONVERSION = YES;
				CLANG_WARN_DEPRECATED_OBJC_IMPLEMENTATIONS = YES;
				CLANG_WARN_DIRECT_OBJC_ISA_USAGE = YES_ERROR;
				CLANG_WARN_DOCUMENTATION_COMMENTS = YES;
				CLANG_WARN_EMPTY_BODY = YES;
				CLANG_WARN_ENUM_CONVERSION = YES;
				CLANG_WARN_INFINITE_RECURSION = YES;
				CLANG_WARN_INT_CONVERSION = YES;
				CLANG_WARN_NON_LITERAL_NULL_CONVERSION = YES;
				CLANG_WARN_OBJC_IMPLICIT_RETAIN_SELF = YES;
				CLANG_WARN_OBJC_LITERAL_CONVERSION = YES;
				CLANG_WARN_OBJC_ROOT_CLASS = YES_ERROR;
				CLANG_WARN_QUOTED_INCLUDE_IN_FRAMEWORK_HEADER = YES;
				CLANG_WARN_RANGE_LOOP_ANALYSIS = YES;
				CLANG_WARN_STRICT_PROTOTYPES = YES;
				CLANG_WARN_SUSPICIOUS_MOVE = YES;
				CLANG_WARN_UNGUARDED_AVAILABILITY = YES_AGGRESSIVE;
				CLANG_WARN_UNREACHABLE_CODE = YES;
				CLANG_WARN__DUPLICATE_METHOD_MATCH = YES;
				COPY_PHASE_STRIP = NO;
				DEBUG_INFORMATION_FORMAT = "dwarf-with-dsym";
				ENABLE_NS_ASSERTIONS = NO;
				ENABLE_STRICT_OBJC_MSGSEND = YES;
				GCC_C_LANGUAGE_STANDARD = gnu11;
				GCC_NO_COMMON_BLOCKS = YES;
				GCC_WARN_64_TO_32_BIT_CONVERSION = YES;
				GCC_WARN_ABOUT_RETURN_TYPE = YES_ERROR;
				GCC_WARN_UNDECLARED_SELECTOR = YES;
				GCC_WARN_UNINITIALIZED_AUTOS = YES_AGGRESSIVE;
				GCC_WARN_UNUSED_FUNCTION = YES;
				GCC_WARN_UNUSED_VARIABLE = YES;
				IPHONEOS_DEPLOYMENT_TARGET = 14.0;
				MTL_ENABLE_DEBUG_INFO = NO;
				MTL_FAST_MATH = YES;
				SDKROOT = iphoneos;
				SWIFT_COMPILATION_MODE = wholemodule;
				SWIFT_OPTIMIZATION_LEVEL = "-O";
				VALIDATE_PRODUCT = YES;
			};
			name = Release;
		};
		2349FD7D261E4F6A00A1FEAA /* Debug */ = {
			isa = XCBuildConfiguration;
			buildSettings = {
				ASSETCATALOG_COMPILER_APPICON_NAME = AppIcon;
				ASSETCATALOG_COMPILER_GLOBAL_ACCENT_COLOR_NAME = AccentColor;
				CODE_SIGN_STYLE = Automatic;
				DEVELOPMENT_ASSET_PATHS = "\"CodingChallenge/Preview Content\"";
				DEVELOPMENT_TEAM = 88MJ4S84C5;
				ENABLE_PREVIEWS = YES;
				INFOPLIST_FILE = CodingChallenge/Info.plist;
				IPHONEOS_DEPLOYMENT_TARGET = 16.0;
				LD_RUNPATH_SEARCH_PATHS = (
					"$(inherited)",
					"@executable_path/Frameworks",
				);
				PRODUCT_BUNDLE_IDENTIFIER = shiftkey.CodingChallenge;
				PRODUCT_NAME = "$(TARGET_NAME)";
				SWIFT_VERSION = 5.0;
				TARGETED_DEVICE_FAMILY = "1,2";
			};
			name = Debug;
		};
		2349FD7E261E4F6A00A1FEAA /* Release */ = {
			isa = XCBuildConfiguration;
			buildSettings = {
				ASSETCATALOG_COMPILER_APPICON_NAME = AppIcon;
				ASSETCATALOG_COMPILER_GLOBAL_ACCENT_COLOR_NAME = AccentColor;
				CODE_SIGN_STYLE = Automatic;
				DEVELOPMENT_ASSET_PATHS = "\"CodingChallenge/Preview Content\"";
				DEVELOPMENT_TEAM = 88MJ4S84C5;
				ENABLE_PREVIEWS = YES;
				INFOPLIST_FILE = CodingChallenge/Info.plist;
				IPHONEOS_DEPLOYMENT_TARGET = 16.0;
				LD_RUNPATH_SEARCH_PATHS = (
					"$(inherited)",
					"@executable_path/Frameworks",
				);
				PRODUCT_BUNDLE_IDENTIFIER = shiftkey.CodingChallenge;
				PRODUCT_NAME = "$(TARGET_NAME)";
				SWIFT_VERSION = 5.0;
				TARGETED_DEVICE_FAMILY = "1,2";
			};
			name = Release;
		};
		2349FD80261E4F6A00A1FEAA /* Debug */ = {
			isa = XCBuildConfiguration;
			buildSettings = {
				ALWAYS_EMBED_SWIFT_STANDARD_LIBRARIES = YES;
				BUNDLE_LOADER = "$(TEST_HOST)";
				CODE_SIGN_STYLE = Automatic;
				DEVELOPMENT_TEAM = 7HRU3V63R2;
				INFOPLIST_FILE = CodingChallengeTests/Info.plist;
				IPHONEOS_DEPLOYMENT_TARGET = 14.0;
				LD_RUNPATH_SEARCH_PATHS = (
					"$(inherited)",
					"@executable_path/Frameworks",
					"@loader_path/Frameworks",
				);
				PRODUCT_BUNDLE_IDENTIFIER = shiftkey.CodingChallengeTests;
				PRODUCT_NAME = "$(TARGET_NAME)";
				SWIFT_VERSION = 5.0;
				TARGETED_DEVICE_FAMILY = "1,2";
				TEST_HOST = "$(BUILT_PRODUCTS_DIR)/CodingChallenge.app/CodingChallenge";
			};
			name = Debug;
		};
		2349FD81261E4F6A00A1FEAA /* Release */ = {
			isa = XCBuildConfiguration;
			buildSettings = {
				ALWAYS_EMBED_SWIFT_STANDARD_LIBRARIES = YES;
				BUNDLE_LOADER = "$(TEST_HOST)";
				CODE_SIGN_STYLE = Automatic;
				DEVELOPMENT_TEAM = 7HRU3V63R2;
				INFOPLIST_FILE = CodingChallengeTests/Info.plist;
				IPHONEOS_DEPLOYMENT_TARGET = 14.0;
				LD_RUNPATH_SEARCH_PATHS = (
					"$(inherited)",
					"@executable_path/Frameworks",
					"@loader_path/Frameworks",
				);
				PRODUCT_BUNDLE_IDENTIFIER = shiftkey.CodingChallengeTests;
				PRODUCT_NAME = "$(TARGET_NAME)";
				SWIFT_VERSION = 5.0;
				TARGETED_DEVICE_FAMILY = "1,2";
				TEST_HOST = "$(BUILT_PRODUCTS_DIR)/CodingChallenge.app/CodingChallenge";
			};
			name = Release;
		};
		2349FD83261E4F6A00A1FEAA /* Debug */ = {
			isa = XCBuildConfiguration;
			buildSettings = {
				ALWAYS_EMBED_SWIFT_STANDARD_LIBRARIES = YES;
				CODE_SIGN_STYLE = Automatic;
				DEVELOPMENT_TEAM = 7HRU3V63R2;
				INFOPLIST_FILE = CodingChallengeUITests/Info.plist;
				LD_RUNPATH_SEARCH_PATHS = (
					"$(inherited)",
					"@executable_path/Frameworks",
					"@loader_path/Frameworks",
				);
				PRODUCT_BUNDLE_IDENTIFIER = shiftkey.CodingChallengeUITests;
				PRODUCT_NAME = "$(TARGET_NAME)";
				SWIFT_VERSION = 5.0;
				TARGETED_DEVICE_FAMILY = "1,2";
				TEST_TARGET_NAME = CodingChallenge;
			};
			name = Debug;
		};
		2349FD84261E4F6A00A1FEAA /* Release */ = {
			isa = XCBuildConfiguration;
			buildSettings = {
				ALWAYS_EMBED_SWIFT_STANDARD_LIBRARIES = YES;
				CODE_SIGN_STYLE = Automatic;
				DEVELOPMENT_TEAM = 7HRU3V63R2;
				INFOPLIST_FILE = CodingChallengeUITests/Info.plist;
				LD_RUNPATH_SEARCH_PATHS = (
					"$(inherited)",
					"@executable_path/Frameworks",
					"@loader_path/Frameworks",
				);
				PRODUCT_BUNDLE_IDENTIFIER = shiftkey.CodingChallengeUITests;
				PRODUCT_NAME = "$(TARGET_NAME)";
				SWIFT_VERSION = 5.0;
				TARGETED_DEVICE_FAMILY = "1,2";
				TEST_TARGET_NAME = CodingChallenge;
			};
			name = Release;
		};
/* End XCBuildConfiguration section */

/* Begin XCConfigurationList section */
		2349FD52261E4F6900A1FEAA /* Build configuration list for PBXProject "CodingChallenge" */ = {
			isa = XCConfigurationList;
			buildConfigurations = (
				2349FD7A261E4F6A00A1FEAA /* Debug */,
				2349FD7B261E4F6A00A1FEAA /* Release */,
			);
			defaultConfigurationIsVisible = 0;
			defaultConfigurationName = Release;
		};
		2349FD7C261E4F6A00A1FEAA /* Build configuration list for PBXNativeTarget "CodingChallenge" */ = {
			isa = XCConfigurationList;
			buildConfigurations = (
				2349FD7D261E4F6A00A1FEAA /* Debug */,
				2349FD7E261E4F6A00A1FEAA /* Release */,
			);
			defaultConfigurationIsVisible = 0;
			defaultConfigurationName = Release;
		};
		2349FD7F261E4F6A00A1FEAA /* Build configuration list for PBXNativeTarget "CodingChallengeTests" */ = {
			isa = XCConfigurationList;
			buildConfigurations = (
				2349FD80261E4F6A00A1FEAA /* Debug */,
				2349FD81261E4F6A00A1FEAA /* Release */,
			);
			defaultConfigurationIsVisible = 0;
			defaultConfigurationName = Release;
		};
		2349FD82261E4F6A00A1FEAA /* Build configuration list for PBXNativeTarget "CodingChallengeUITests" */ = {
			isa = XCConfigurationList;
			buildConfigurations = (
				2349FD83261E4F6A00A1FEAA /* Debug */,
				2349FD84261E4F6A00A1FEAA /* Release */,
			);
			defaultConfigurationIsVisible = 0;
			defaultConfigurationName = Release;
		};
/* End XCConfigurationList section */
	};
	rootObject = 2349FD4F261E4F6900A1FEAA /* Project object */;
}
